
Microsoft Visual Studio Solution File, Format Version 12.00
# Visual Studio 2012
Project("{8BC9CEB8-8B4A-11D0-8D11-00A0C91BC942}") = "strings", "strings\strings.vcxproj", "{F0FAD873-6B69-4C38-9B03-53EF6866052A}"
EndProject
Project("{8BC9CEB8-8B4A-11D0-8D11-00A0C91BC942}") = "PhasorCE", "Phasor\PhasorCE.vcxproj", "{F70F475A-E558-41C7-BAA4-8E2F6389ED68}"
EndProject
Global
	GlobalSection(SolutionConfigurationPlatforms) = preSolution
		Debug|Win32 = Debug|Win32
		Release|Win32 = Release|Win32
	EndGlobalSection
	GlobalSection(ProjectConfigurationPlatforms) = postSolution
		{F0FAD873-6B69-4C38-9B03-53EF6866052A}.Debug|Win32.ActiveCfg = Debug|Win32
		{F0FAD873-6B69-4C38-9B03-53EF6866052A}.Debug|Win32.Build.0 = Debug|Win32
		{F0FAD873-6B69-4C38-9B03-53EF6866052A}.Release|Win32.ActiveCfg = Release|Win32
		{F0FAD873-6B69-4C38-9B03-53EF6866052A}.Release|Win32.Build.0 = Release|Win32
		{F70F475A-E558-41C7-BAA4-8E2F6389ED68}.Debug|Win32.ActiveCfg = Debug|Win32
		{F70F475A-E558-41C7-BAA4-8E2F6389ED68}.Debug|Win32.Build.0 = Debug|Win32
		{F70F475A-E558-41C7-BAA4-8E2F6389ED68}.Release|Win32.ActiveCfg = Release|Win32
		{F70F475A-E558-41C7-BAA4-8E2F6389ED68}.Release|Win32.Build.0 = Release|Win32
	EndGlobalSection
	GlobalSection(SolutionProperties) = preSolution
		HideSolutionNode = FALSE
	EndGlobalSection
EndGlobal
