<?xml version="1.0" encoding="utf-8"?>
<Project ToolsVersion="4.0" xmlns="http://schemas.microsoft.com/developer/msbuild/2003">
  <ItemGroup>
    <ClCompile Include="main.cpp" />
    <ClCompile Include="Common\Common.cpp">
      <Filter>Common</Filter>
    </ClCompile>
    <ClCompile Include="Common\FileIO.cpp">
      <Filter>Common</Filter>
    </ClCompile>
    <ClCompile Include="Common\MyString.cpp">
      <Filter>Common</Filter>
    </ClCompile>
    <ClCompile Include="Common\Streams.cpp">
      <Filter>Common</Filter>
    </ClCompile>
    <ClCompile Include="Common\Threads.cpp">
      <Filter>Common</Filter>
    </ClCompile>
    <ClCompile Include="ra.cpp">
      <Filter>ra</Filter>
    </ClCompile>
    <ClCompile Include="Hooks\Hooks.cpp">
      <Filter>Hooks</Filter>
    </ClCompile>
    <ClCompile Include="Hooks\Addresses.cpp">
      <Filter>Hooks</Filter>
    </ClCompile>
    <ClCompile Include="Events\Events.cpp" />
    <ClCompile Include="Hooks\CrashHandler.cpp" />
    <ClCompile Include="Hooks\Directory.cpp" />
    <ClCompile Include="Hooks\MapLoader.cpp" />
    <ClCompile Include="Hooks\Gametypes.cpp" />
    <ClCompile Include="Hooks\tags.cpp" />
  </ItemGroup>
  <ItemGroup>
    <ClInclude Include="main.h" />
    <ClInclude Include="Common\Common.h">
      <Filter>Common</Filter>
    </ClInclude>
    <ClInclude Include="Common\FileIO.h">
      <Filter>Common</Filter>
    </ClInclude>
    <ClInclude Include="Common\MyException.h">
      <Filter>Common</Filter>
    </ClInclude>
    <ClInclude Include="Common\MyString.h">
      <Filter>Common</Filter>
    </ClInclude>
    <ClInclude Include="Common\Streams.h">
      <Filter>Common</Filter>
    </ClInclude>
    <ClInclude Include="Common\Threads.h">
      <Filter>Common</Filter>
    </ClInclude>
    <ClInclude Include="Common\Types.h">
      <Filter>Common</Filter>
    </ClInclude>
    <ClInclude Include="Common\noncopyable.h">
      <Filter>Common</Filter>
    </ClInclude>
    <ClInclude Include="Common\vect3d.h">
      <Filter>Common</Filter>
    </ClInclude>
    <ClInclude Include="ra.h">
      <Filter>ra</Filter>
    </ClInclude>
    <ClInclude Include="Hooks\Hooks.h">
      <Filter>Hooks</Filter>
    </ClInclude>
    <ClInclude Include="Hooks\Addresses.h">
      <Filter>Hooks</Filter>
    </ClInclude>
    <ClInclude Include="Events\Events.h" />
    <ClInclude Include="Common\Globals.h" />
    <ClInclude Include="Hooks\CrashHandler.h" />
    <ClInclude Include="Hooks\Version.h" />
    <ClInclude Include="Hooks\Directory.h" />
    <ClInclude Include="Hooks\MapLoader.h" />
    <ClInclude Include="Hooks\Gametypes.h" />
    <ClInclude Include="Hooks\tags.h" />
  </ItemGroup>
  <ItemGroup>
    <None Include="phasor_includes.props" />
  </ItemGroup>
  <ItemGroup>
    <Filter Include="Common">
      <UniqueIdentifier>{37cf2aad-483e-415c-8800-8cd8ac89284b}</UniqueIdentifier>
    </Filter>
    <Filter Include="Scripting">
      <UniqueIdentifier>{6f3adfb1-c873-4d7f-8828-837ff068e821}</UniqueIdentifier>
    </Filter>
    <Filter Include="Phasor">
      <UniqueIdentifier>{84bde0a5-9033-4a9f-b5de-d267c1919ad6}</UniqueIdentifier>
    </Filter>
    <Filter Include="Phasor\Logging">
      <UniqueIdentifier>{38bfb741-9ec6-46f9-8f56-e88cb2c73311}</UniqueIdentifier>
    </Filter>
    <Filter Include="Phasor\Halo">
      <UniqueIdentifier>{faf8ad22-063f-4fe1-888f-11d2fdef36ef}</UniqueIdentifier>
    </Filter>
    <Filter Include="Phasor\Halo\Game">
      <UniqueIdentifier>{392cfa2c-94b4-4290-b967-d4e437723b81}</UniqueIdentifier>
    </Filter>
    <Filter Include="Phasor\Halo\Player">
      <UniqueIdentifier>{220030b9-458a-4267-b4b5-3b1e6e494c17}</UniqueIdentifier>
    </Filter>
    <Filter Include="Phasor\Halo\Server">
      <UniqueIdentifier>{85ec4ae2-f7ea-4730-ac24-4f60404de3d4}</UniqueIdentifier>
    </Filter>
    <Filter Include="Libraries">
      <UniqueIdentifier>{55fe9dd8-c1f3-49ed-80b7-b02bb0505167}</UniqueIdentifier>
    </Filter>
    <Filter Include="ra">
      <UniqueIdentifier>{e3eeba58-6911-4f70-a938-d1bdc9ccbddc}</UniqueIdentifier>
    </Filter>
    <Filter Include="Hooks">
      <UniqueIdentifier>{35c8cca9-fcac-472f-8b1b-85751583e4d8}</UniqueIdentifier>
    </Filter>
  </ItemGroup>
</Project>